
Microsoft Visual Studio Solution File, Format Version 12.00
# Visual Studio 15
VisualStudioVersion = 15.0.27130.2036
MinimumVisualStudioVersion = 10.0.40219.1
Project("{FAE04EC0-301F-11D3-BF4B-00C04F79EFBC}") = "TwoLayersPatternCRUDinTextFile", "TwoLayersPatternCRUDinTextFile\TwoLayersPatternCRUDinTextFile.csproj", "{46BC15AD-7088-46C6-B591-D287C3BBDC5A}"
EndProject
Global
	GlobalSection(SolutionConfigurationPlatforms) = preSolution
		Debug|Any CPU = Debug|Any CPU
		Release|Any CPU = Release|Any CPU
	EndGlobalSection
	GlobalSection(ProjectConfigurationPlatforms) = postSolution
		{46BC15AD-7088-46C6-B591-D287C3BBDC5A}.Debug|Any CPU.ActiveCfg = Debug|Any CPU
		{46BC15AD-7088-46C6-B591-D287C3BBDC5A}.Debug|Any CPU.Build.0 = Debug|Any CPU
		{46BC15AD-7088-46C6-B591-D287C3BBDC5A}.Release|Any CPU.ActiveCfg = Release|Any CPU
		{46BC15AD-7088-46C6-B591-D287C3BBDC5A}.Release|Any CPU.Build.0 = Release|Any CPU
	EndGlobalSection
	GlobalSection(SolutionProperties) = preSolution
		HideSolutionNode = FALSE
	EndGlobalSection
	GlobalSection(ExtensibilityGlobals) = postSolution
		SolutionGuid = {254D7FD0-0297-406A-AB99-5373CB3BDB72}
	EndGlobalSection
EndGlobal
